
Microsoft Visual Studio Solution File, Format Version 12.00
# Visual Studio Version 17
VisualStudioVersion = 17.11.35327.3
MinimumVisualStudioVersion = 10.0.40219.1
Project("{9A19103F-16F7-4668-BE54-9A1E7A4F7556}") = "L01-utasitasok", "L01-utasitasok\L01-utasitasok.csproj", "{525AED12-06B5-4C22-8AF1-9811692D921A}"
EndProject
Project("{FAE04EC0-301F-11D3-BF4B-00C04F79EFBC}") = "L02-ciklusok", "L02-ciklusok\L02-ciklusok.csproj", "{0F4BBCFD-38BF-4B12-8759-A93F72102E45}"
EndProject
Project("{FAE04EC0-301F-11D3-BF4B-00C04F79EFBC}") = "L03-tombok", "L03-tombok\L03-tombok.csproj", "{2239DC69-6BF7-4FB0-8B50-FF87F6B188F2}"
EndProject
Project("{FAE04EC0-301F-11D3-BF4B-00C04F79EFBC}") = "L04-karakterlancok", "L04-karakterlancok\L04-karakterlancok.csproj", "{F3208343-BAF8-4D22-B9DD-E91C50530CA3}"
EndProject
Project("{FAE04EC0-301F-11D3-BF4B-00C04F79EFBC}") = "L05-fajlkezeles", "L05-fajlkezeles\L05-fajlkezeles.csproj", "{B87D65CF-1997-47E2-B2EF-E74096D63FCB}"
EndProject
Project("{FAE04EC0-301F-11D3-BF4B-00C04F79EFBC}") = "L06-OOPalapok", "L06-OOPalapok\L06-OOPalapok.csproj", "{B48A3060-71BD-48D4-B688-F4B330592BB8}"
EndProject
Project("{FAE04EC0-301F-11D3-BF4B-00C04F79EFBC}") = "L07-OOPtulajdonság", "L07-OOPtulajdonság\L07-OOPtulajdonság.csproj", "{F60D245C-D008-4A71-8952-25A3AD18CF38}"
EndProject
Project("{FAE04EC0-301F-11D3-BF4B-00C04F79EFBC}") = "L08-OOPfeladatmegoldás", "L08-OOPfeladatmegoldás\L08-OOPfeladatmegoldás.csproj", "{8B7E3F06-D0D9-4108-A8B7-E64912301484}"
EndProject
Global
	GlobalSection(SolutionConfigurationPlatforms) = preSolution
		Debug|Any CPU = Debug|Any CPU
		Release|Any CPU = Release|Any CPU
	EndGlobalSection
	GlobalSection(ProjectConfigurationPlatforms) = postSolution
		{525AED12-06B5-4C22-8AF1-9811692D921A}.Debug|Any CPU.ActiveCfg = Debug|Any CPU
		{525AED12-06B5-4C22-8AF1-9811692D921A}.Debug|Any CPU.Build.0 = Debug|Any CPU
		{525AED12-06B5-4C22-8AF1-9811692D921A}.Release|Any CPU.ActiveCfg = Release|Any CPU
		{525AED12-06B5-4C22-8AF1-9811692D921A}.Release|Any CPU.Build.0 = Release|Any CPU
		{0F4BBCFD-38BF-4B12-8759-A93F72102E45}.Debug|Any CPU.ActiveCfg = Debug|Any CPU
		{0F4BBCFD-38BF-4B12-8759-A93F72102E45}.Debug|Any CPU.Build.0 = Debug|Any CPU
		{0F4BBCFD-38BF-4B12-8759-A93F72102E45}.Release|Any CPU.ActiveCfg = Release|Any CPU
		{0F4BBCFD-38BF-4B12-8759-A93F72102E45}.Release|Any CPU.Build.0 = Release|Any CPU
		{2239DC69-6BF7-4FB0-8B50-FF87F6B188F2}.Debug|Any CPU.ActiveCfg = Debug|Any CPU
		{2239DC69-6BF7-4FB0-8B50-FF87F6B188F2}.Debug|Any CPU.Build.0 = Debug|Any CPU
		{2239DC69-6BF7-4FB0-8B50-FF87F6B188F2}.Release|Any CPU.ActiveCfg = Release|Any CPU
		{2239DC69-6BF7-4FB0-8B50-FF87F6B188F2}.Release|Any CPU.Build.0 = Release|Any CPU
		{F3208343-BAF8-4D22-B9DD-E91C50530CA3}.Debug|Any CPU.ActiveCfg = Debug|Any CPU
		{F3208343-BAF8-4D22-B9DD-E91C50530CA3}.Debug|Any CPU.Build.0 = Debug|Any CPU
		{F3208343-BAF8-4D22-B9DD-E91C50530CA3}.Release|Any CPU.ActiveCfg = Release|Any CPU
		{F3208343-BAF8-4D22-B9DD-E91C50530CA3}.Release|Any CPU.Build.0 = Release|Any CPU
		{B87D65CF-1997-47E2-B2EF-E74096D63FCB}.Debug|Any CPU.ActiveCfg = Debug|Any CPU
		{B87D65CF-1997-47E2-B2EF-E74096D63FCB}.Debug|Any CPU.Build.0 = Debug|Any CPU
		{B87D65CF-1997-47E2-B2EF-E74096D63FCB}.Release|Any CPU.ActiveCfg = Release|Any CPU
		{B87D65CF-1997-47E2-B2EF-E74096D63FCB}.Release|Any CPU.Build.0 = Release|Any CPU
		{B48A3060-71BD-48D4-B688-F4B330592BB8}.Debug|Any CPU.ActiveCfg = Debug|Any CPU
		{B48A3060-71BD-48D4-B688-F4B330592BB8}.Debug|Any CPU.Build.0 = Debug|Any CPU
		{B48A3060-71BD-48D4-B688-F4B330592BB8}.Release|Any CPU.ActiveCfg = Release|Any CPU
		{B48A3060-71BD-48D4-B688-F4B330592BB8}.Release|Any CPU.Build.0 = Release|Any CPU
		{F60D245C-D008-4A71-8952-25A3AD18CF38}.Debug|Any CPU.ActiveCfg = Debug|Any CPU
		{F60D245C-D008-4A71-8952-25A3AD18CF38}.Debug|Any CPU.Build.0 = Debug|Any CPU
		{F60D245C-D008-4A71-8952-25A3AD18CF38}.Release|Any CPU.ActiveCfg = Release|Any CPU
		{F60D245C-D008-4A71-8952-25A3AD18CF38}.Release|Any CPU.Build.0 = Release|Any CPU
		{8B7E3F06-D0D9-4108-A8B7-E64912301484}.Debug|Any CPU.ActiveCfg = Debug|Any CPU
		{8B7E3F06-D0D9-4108-A8B7-E64912301484}.Debug|Any CPU.Build.0 = Debug|Any CPU
		{8B7E3F06-D0D9-4108-A8B7-E64912301484}.Release|Any CPU.ActiveCfg = Release|Any CPU
		{8B7E3F06-D0D9-4108-A8B7-E64912301484}.Release|Any CPU.Build.0 = Release|Any CPU
	EndGlobalSection
	GlobalSection(SolutionProperties) = preSolution
		HideSolutionNode = FALSE
	EndGlobalSection
	GlobalSection(ExtensibilityGlobals) = postSolution
		SolutionGuid = {35930DDA-52A3-4DEF-9177-373E1911D6B2}
	EndGlobalSection
EndGlobal
